
Microsoft Visual Studio Solution File, Format Version 12.00
# Visual Studio 2013
VisualStudioVersion = 12.0.21005.1
MinimumVisualStudioVersion = 10.0.40219.1
Project("{FAE04EC0-301F-11D3-BF4B-00C04F79EFBC}") = "OpenTok-DotNet-Archiving-Sample", "OpenTok-DotNet-Archiving-Sample\OpenTok-DotNet-Archiving-Sample.csproj", "{337E11DB-FE7B-4BAA-BB42-A493E806211E}"
EndProject
Project("{FAE04EC0-301F-11D3-BF4B-00C04F79EFBC}") = "OpenTokSDKTest", "OpenTok-DotNet-Archiving-Sample\OpenTokSDK\OpenTokSDKTest\OpenTokSDKTest.csproj", "{1887A744-E779-4412-A8BE-242DA103B41C}"
EndProject
Global
	GlobalSection(SolutionConfigurationPlatforms) = preSolution
		Debug|Any CPU = Debug|Any CPU
		Release|Any CPU = Release|Any CPU
	EndGlobalSection
	GlobalSection(ProjectConfigurationPlatforms) = postSolution
		{337E11DB-FE7B-4BAA-BB42-A493E806211E}.Debug|Any CPU.ActiveCfg = Debug|Any CPU
		{337E11DB-FE7B-4BAA-BB42-A493E806211E}.Debug|Any CPU.Build.0 = Debug|Any CPU
		{337E11DB-FE7B-4BAA-BB42-A493E806211E}.Release|Any CPU.ActiveCfg = Release|Any CPU
		{337E11DB-FE7B-4BAA-BB42-A493E806211E}.Release|Any CPU.Build.0 = Release|Any CPU
		{1887A744-E779-4412-A8BE-242DA103B41C}.Debug|Any CPU.ActiveCfg = Debug|Any CPU
		{1887A744-E779-4412-A8BE-242DA103B41C}.Debug|Any CPU.Build.0 = Debug|Any CPU
		{1887A744-E779-4412-A8BE-242DA103B41C}.Release|Any CPU.ActiveCfg = Release|Any CPU
		{1887A744-E779-4412-A8BE-242DA103B41C}.Release|Any CPU.Build.0 = Release|Any CPU
	EndGlobalSection
	GlobalSection(SolutionProperties) = preSolution
		HideSolutionNode = FALSE
	EndGlobalSection
EndGlobal
